
Microsoft Visual Studio Solution File, Format Version 12.00
# Visual Studio Version 17
VisualStudioVersion = 17.5.002.0
MinimumVisualStudioVersion = 10.0.40219.1
Project("{9A19103F-16F7-4668-BE54-9A1E7A4F7556}") = "UserCrudApi", "UserCrudApi.csproj", "{E731D3CE-6914-4D80-8031-551EF5D11789}"
EndProject
Global
	GlobalSection(SolutionConfigurationPlatforms) = preSolution
		Debug|Any CPU = Debug|Any CPU
		Release|Any CPU = Release|Any CPU
	EndGlobalSection
	GlobalSection(ProjectConfigurationPlatforms) = postSolution
		{E731D3CE-6914-4D80-8031-551EF5D11789}.Debug|Any CPU.ActiveCfg = Debug|Any CPU
		{E731D3CE-6914-4D80-8031-551EF5D11789}.Debug|Any CPU.Build.0 = Debug|Any CPU
		{E731D3CE-6914-4D80-8031-551EF5D11789}.Release|Any CPU.ActiveCfg = Release|Any CPU
		{E731D3CE-6914-4D80-8031-551EF5D11789}.Release|Any CPU.Build.0 = Release|Any CPU
	EndGlobalSection
	GlobalSection(SolutionProperties) = preSolution
		HideSolutionNode = FALSE
	EndGlobalSection
	GlobalSection(ExtensibilityGlobals) = postSolution
		SolutionGuid = {20858745-2E45-4FF4-B109-DC2BB83678E6}
	EndGlobalSection
EndGlobal
